
Microsoft Visual Studio Solution File, Format Version 12.00
# Visual Studio 15
VisualStudioVersion = 15.0.28307.421
MinimumVisualStudioVersion = 10.0.40219.1
Project("{FAE04EC0-301F-11D3-BF4B-00C04F79EFBC}") = "Mytest", "Mytest\Mytest.csproj", "{69549866-D2AB-4AF2-A9B3-AA03498ED97E}"
EndProject
Global
	GlobalSection(SolutionConfigurationPlatforms) = preSolution
		Debug|Any CPU = Debug|Any CPU
		Release|Any CPU = Release|Any CPU
	EndGlobalSection
	GlobalSection(ProjectConfigurationPlatforms) = postSolution
		{69549866-D2AB-4AF2-A9B3-AA03498ED97E}.Debug|Any CPU.ActiveCfg = Debug|Any CPU
		{69549866-D2AB-4AF2-A9B3-AA03498ED97E}.Debug|Any CPU.Build.0 = Debug|Any CPU
		{69549866-D2AB-4AF2-A9B3-AA03498ED97E}.Release|Any CPU.ActiveCfg = Release|Any CPU
		{69549866-D2AB-4AF2-A9B3-AA03498ED97E}.Release|Any CPU.Build.0 = Release|Any CPU
	EndGlobalSection
	GlobalSection(SolutionProperties) = preSolution
		HideSolutionNode = FALSE
	EndGlobalSection
	GlobalSection(ExtensibilityGlobals) = postSolution
		SolutionGuid = {C7BAFE82-916F-4001-A6DD-B1B66C2B8C54}
	EndGlobalSection
EndGlobal
